
Microsoft Visual Studio Solution File, Format Version 12.00
Project("{FAE04EC0-301F-11D3-BF4B-00C04F79EFBC}") = "HondaGPT", "HondaGPT\HondaGPT.csproj", "{810565BB-B0A4-4B85-95C4-CD61BA69D0AF}"
EndProject
Global
	GlobalSection(SolutionConfigurationPlatforms) = preSolution
		Debug|Any CPU = Debug|Any CPU
		Release|Any CPU = Release|Any CPU
	EndGlobalSection
	GlobalSection(ProjectConfigurationPlatforms) = postSolution
		{810565BB-B0A4-4B85-95C4-CD61BA69D0AF}.Debug|Any CPU.ActiveCfg = Debug|Any CPU
		{810565BB-B0A4-4B85-95C4-CD61BA69D0AF}.Debug|Any CPU.Build.0 = Debug|Any CPU
		{810565BB-B0A4-4B85-95C4-CD61BA69D0AF}.Release|Any CPU.ActiveCfg = Release|Any CPU
		{810565BB-B0A4-4B85-95C4-CD61BA69D0AF}.Release|Any CPU.Build.0 = Release|Any CPU
	EndGlobalSection
EndGlobal
